
Microsoft Visual Studio Solution File, Format Version 12.00
# Visual Studio Version 17
VisualStudioVersion = 17.7.34031.279
MinimumVisualStudioVersion = 10.0.40219.1
Project("{9A19103F-16F7-4668-BE54-9A1E7A4F7556}") = "ProjectMongoDB", "ProjectMongoDB\ProjectMongoDB.csproj", "{58891DCE-C508-4730-A0A0-D1E7FD2FD7BE}"
	ProjectSection(ProjectDependencies) = postProject
		{551C9070-66C3-4068-802F-149AB5388CAF} = {551C9070-66C3-4068-802F-149AB5388CAF}
	EndProjectSection
EndProject
Project("{9A19103F-16F7-4668-BE54-9A1E7A4F7556}") = "IdentityService4", "IdentityService4\IdentityService4.csproj", "{551C9070-66C3-4068-802F-149AB5388CAF}"
EndProject
Project("{9A19103F-16F7-4668-BE54-9A1E7A4F7556}") = "DuendeIdentity", "DuendeIdentity\DuendeIdentity.csproj", "{EE520839-CAD6-4710-AD98-BAA3731C49E9}"
EndProject
Project("{9A19103F-16F7-4668-BE54-9A1E7A4F7556}") = "ClientMongo", "ClientMongo\ClientMongo.csproj", "{56E61C88-E20C-4F62-816D-243B1B84F2ED}"
EndProject
Project("{9A19103F-16F7-4668-BE54-9A1E7A4F7556}") = "ProjectMongoDB.IntegrationTests", "ProjectMongoDB.IntegrationTests\ProjectMongoDB.IntegrationTests.csproj", "{FE09F5C1-4489-4519-9B50-ACB0F33D9927}"
EndProject
Project("{2150E333-8FDC-42A3-9474-1A3956D46DE8}") = "Solution Items", "Solution Items", "{68028F8E-32D0-4802-A742-D60B1DEE1C79}"
	ProjectSection(SolutionItems) = preProject
		.gitattributes = .gitattributes
		.gitignore = .gitignore
		azure-pipelines.yml = azure-pipelines.yml
	EndProjectSection
EndProject
Global
	GlobalSection(SolutionConfigurationPlatforms) = preSolution
		Debug|Any CPU = Debug|Any CPU
		Release|Any CPU = Release|Any CPU
	EndGlobalSection
	GlobalSection(ProjectConfigurationPlatforms) = postSolution
		{58891DCE-C508-4730-A0A0-D1E7FD2FD7BE}.Debug|Any CPU.ActiveCfg = Debug|Any CPU
		{58891DCE-C508-4730-A0A0-D1E7FD2FD7BE}.Debug|Any CPU.Build.0 = Debug|Any CPU
		{58891DCE-C508-4730-A0A0-D1E7FD2FD7BE}.Release|Any CPU.ActiveCfg = Release|Any CPU
		{58891DCE-C508-4730-A0A0-D1E7FD2FD7BE}.Release|Any CPU.Build.0 = Release|Any CPU
		{551C9070-66C3-4068-802F-149AB5388CAF}.Debug|Any CPU.ActiveCfg = Debug|Any CPU
		{551C9070-66C3-4068-802F-149AB5388CAF}.Debug|Any CPU.Build.0 = Debug|Any CPU
		{551C9070-66C3-4068-802F-149AB5388CAF}.Release|Any CPU.ActiveCfg = Release|Any CPU
		{551C9070-66C3-4068-802F-149AB5388CAF}.Release|Any CPU.Build.0 = Release|Any CPU
		{EE520839-CAD6-4710-AD98-BAA3731C49E9}.Debug|Any CPU.ActiveCfg = Debug|Any CPU
		{EE520839-CAD6-4710-AD98-BAA3731C49E9}.Debug|Any CPU.Build.0 = Debug|Any CPU
		{EE520839-CAD6-4710-AD98-BAA3731C49E9}.Release|Any CPU.ActiveCfg = Release|Any CPU
		{EE520839-CAD6-4710-AD98-BAA3731C49E9}.Release|Any CPU.Build.0 = Release|Any CPU
		{56E61C88-E20C-4F62-816D-243B1B84F2ED}.Debug|Any CPU.ActiveCfg = Debug|Any CPU
		{56E61C88-E20C-4F62-816D-243B1B84F2ED}.Debug|Any CPU.Build.0 = Debug|Any CPU
		{56E61C88-E20C-4F62-816D-243B1B84F2ED}.Release|Any CPU.ActiveCfg = Release|Any CPU
		{56E61C88-E20C-4F62-816D-243B1B84F2ED}.Release|Any CPU.Build.0 = Release|Any CPU
		{FE09F5C1-4489-4519-9B50-ACB0F33D9927}.Debug|Any CPU.ActiveCfg = Debug|Any CPU
		{FE09F5C1-4489-4519-9B50-ACB0F33D9927}.Debug|Any CPU.Build.0 = Debug|Any CPU
		{FE09F5C1-4489-4519-9B50-ACB0F33D9927}.Release|Any CPU.ActiveCfg = Release|Any CPU
		{FE09F5C1-4489-4519-9B50-ACB0F33D9927}.Release|Any CPU.Build.0 = Release|Any CPU
	EndGlobalSection
	GlobalSection(SolutionProperties) = preSolution
		HideSolutionNode = FALSE
	EndGlobalSection
	GlobalSection(ExtensibilityGlobals) = postSolution
		SolutionGuid = {BA2FFF65-2F53-4E5D-BB82-AC79D26473E3}
	EndGlobalSection
EndGlobal
